
Microsoft Visual Studio Solution File, Format Version 12.00
# Visual Studio Version 17
VisualStudioVersion = 17.14.36401.2 d17.14
MinimumVisualStudioVersion = 10.0.40219.1
Project("{FAE04EC0-301F-11D3-BF4B-00C04F79EFBC}") = "MobilCraftCompany", "MobilCraftCompany\MobilCraftCompany.csproj", "{B10BC18E-615C-4E53-97EC-0AB3F2D9C031}"
EndProject
Global
	GlobalSection(SolutionConfigurationPlatforms) = preSolution
		Debug|Any CPU = Debug|Any CPU
		Release|Any CPU = Release|Any CPU
	EndGlobalSection
	GlobalSection(ProjectConfigurationPlatforms) = postSolution
		{B10BC18E-615C-4E53-97EC-0AB3F2D9C031}.Debug|Any CPU.ActiveCfg = Debug|Any CPU
		{B10BC18E-615C-4E53-97EC-0AB3F2D9C031}.Debug|Any CPU.Build.0 = Debug|Any CPU
		{B10BC18E-615C-4E53-97EC-0AB3F2D9C031}.Release|Any CPU.ActiveCfg = Release|Any CPU
		{B10BC18E-615C-4E53-97EC-0AB3F2D9C031}.Release|Any CPU.Build.0 = Release|Any CPU
	EndGlobalSection
	GlobalSection(SolutionProperties) = preSolution
		HideSolutionNode = FALSE
	EndGlobalSection
	GlobalSection(ExtensibilityGlobals) = postSolution
		SolutionGuid = {9B29BACB-6A32-4339-B97E-BBF4C94B120E}
	EndGlobalSection
EndGlobal
